{"1.1.0",
[{<<"myriad">>,{pkg,<<"myriad">>,<<"1.0.15">>},1},
 {<<"wooper">>,{pkg,<<"wooper">>,<<"2.0.9">>},0}]}.
[
{pkg_hash,[
 {<<"myriad">>, <<"F28E2D7BD8E505B159A02ED2632D49BC0A7CA1856A3531AC114504D7AB7EF1A5">>},
 {<<"wooper">>, <<"A952F1D698D0014EB857CDE9E24AB38BFF9686FF22E32E3EA3F76F189D9B3715">>}]}
].
